# THIS IS AN AUTOGENERATED FILE. DO NOT EDIT THIS FILE DIRECTLY.
# yarn lockfile v1


"@apollo/brand@^0.7.0":
  version "0.7.0"
  resolved "https://registry.yarnpkg.com/@apollo/brand/-/brand-0.7.0.tgz#06eaa107cabba6f8c5220b1262ddd121ba11e7ed"
  integrity sha512-fSIeOPGplIxwcEetzbDOgwT7pjSbHsgmdh2errd27/mN9XL2uSVtIMmRtAxyDpsJDu94ZQL3dYtzlxOzfejEiQ==

"@apollo/icons@^0.6.1":
  version "0.6.1"
  resolved "https://registry.yarnpkg.com/@apollo/icons/-/icons-0.6.1.tgz#8d6e368097773c439a253d986516dcb096319d61"
  integrity sha512-OkuhLp6SoMNP3SxnekzRI1o8awi6FL8oKrRw5dWzPM7wNdVjlx7TmyQ7lkqQwU0e6k1wQ3Ro8U332vE7z4RayQ==

iconoir-react@^7.9.0:
  version "7.9.0"
  resolved "https://registry.yarnpkg.com/iconoir-react/-/iconoir-react-7.9.0.tgz#c24c1d9597cc551a2c590bc67eb02a968124e7fa"
  integrity sha512-6DKkVs7YKxYL3ZCqpoYDD89p/bvuDwPV8JXmrpDGRUafRH6QBMXMAMnQe4rWHLTUIB5UXVVSikvHcpJZjN5/TA==
